// !$*UTF8*$!
{
	archiveVersion = 1;
	classes = {
	};
	objectVersion = 56;
	objects = {

/* Begin PBXBuildFile section */
		78F339C729D11A59008FD3C3 /* AppDelegate.swift in Sources */ = {isa = PBXBuildFile; fileRef = 78F339C629D11A59008FD3C3 /* AppDelegate.swift */; };
		78F339C929D11A59008FD3C3 /* SceneDelegate.swift in Sources */ = {isa = PBXBuildFile; fileRef = 78F339C829D11A59008FD3C3 /* SceneDelegate.swift */; };
		78F339CB29D11A59008FD3C3 /* ViewController.swift in Sources */ = {isa = PBXBuildFile; fileRef = 78F339CA29D11A59008FD3C3 /* ViewController.swift */; };
		78F339CE29D11A59008FD3C3 /* Main.storyboard in Resources */ = {isa = PBXBuildFile; fileRef = 78F339CC29D11A59008FD3C3 /* Main.storyboard */; };
		78F339D129D11A59008FD3C3 /* MovieApp.xcdatamodeld in Sources */ = {isa = PBXBuildFile; fileRef = 78F339CF29D11A59008FD3C3 /* MovieApp.xcdatamodeld */; };
		78F339D329D11A5A008FD3C3 /* Assets.xcassets in Resources */ = {isa = PBXBuildFile; fileRef = 78F339D229D11A5A008FD3C3 /* Assets.xcassets */; };
		78F339D629D11A5A008FD3C3 /* LaunchScreen.storyboard in Resources */ = {isa = PBXBuildFile; fileRef = 78F339D429D11A5A008FD3C3 /* LaunchScreen.storyboard */; };
		78F339E129D11A5A008FD3C3 /* MovieAppTests.swift in Sources */ = {isa = PBXBuildFile; fileRef = 78F339E029D11A5A008FD3C3 /* MovieAppTests.swift */; };
		78F339EB29D11A5A008FD3C3 /* MovieAppUITests.swift in Sources */ = {isa = PBXBuildFile; fileRef = 78F339EA29D11A5A008FD3C3 /* MovieAppUITests.swift */; };
		78F339ED29D11A5A008FD3C3 /* MovieAppUITestsLaunchTests.swift in Sources */ = {isa = PBXBuildFile; fileRef = 78F339EC29D11A5A008FD3C3 /* MovieAppUITestsLaunchTests.swift */; };
/* End PBXBuildFile section */

/* Begin PBXContainerItemProxy section */
		78F339DD29D11A5A008FD3C3 /* PBXContainerItemProxy */ = {
			isa = PBXContainerItemProxy;
			containerPortal = 78F339BB29D11A59008FD3C3 /* Project object */;
			proxyType = 1;
			remoteGlobalIDString = 78F339C229D11A59008FD3C3;
			remoteInfo = MovieApp;
		};
		78F339E729D11A5A008FD3C3 /* PBXContainerItemProxy */ = {
			isa = PBXContainerItemProxy;
			containerPortal = 78F339BB29D11A59008FD3C3 /* Project object */;
			proxyType = 1;
			remoteGlobalIDString = 78F339C229D11A59008FD3C3;
			remoteInfo = MovieApp;
		};
/* End PBXContainerItemProxy section */

/* Begin PBXFileReference section */
		78F339C329D11A59008FD3C3 /* MovieApp.app */ = {isa = PBXFileReference; explicitFileType = wrapper.application; includeInIndex = 0; path = MovieApp.app; sourceTree = BUILT_PRODUCTS_DIR; };
		78F339C629D11A59008FD3C3 /* AppDelegate.swift */ = {isa = PBXFileReference; lastKnownFileType = sourcecode.swift; path = AppDelegate.swift; sourceTree = "<group>"; };
		78F339C829D11A59008FD3C3 /* SceneDelegate.swift */ = {isa = PBXFileReference; lastKnownFileType = sourcecode.swift; path = SceneDelegate.swift; sourceTree = "<group>"; };
		78F339CA29D11A59008FD3C3 /* ViewController.swift */ = {isa = PBXFileReference; lastKnownFileType = sourcecode.swift; path = ViewController.swift; sourceTree = "<group>"; };
		78F339CD29D11A59008FD3C3 /* Base */ = {isa = PBXFileReference; lastKnownFileType = file.storyboard; name = Base; path = Base.lproj/Main.storyboard; sourceTree = "<group>"; };
		78F339D029D11A59008FD3C3 /* MovieApp.xcdatamodel */ = {isa = PBXFileReference; lastKnownFileType = wrapper.xcdatamodel; path = MovieApp.xcdatamodel; sourceTree = "<group>"; };
		78F339D229D11A5A008FD3C3 /* Assets.xcassets */ = {isa = PBXFileReference; lastKnownFileType = folder.assetcatalog; path = Assets.xcassets; sourceTree = "<group>"; };
		78F339D529D11A5A008FD3C3 /* Base */ = {isa = PBXFileReference; lastKnownFileType = file.storyboard; name = Base; path = Base.lproj/LaunchScreen.storyboard; sourceTree = "<group>"; };
		78F339D729D11A5A008FD3C3 /* Info.plist */ = {isa = PBXFileReference; lastKnownFileType = text.plist.xml; path = Info.plist; sourceTree = "<group>"; };
		78F339DC29D11A5A008FD3C3 /* MovieAppTests.xctest */ = {isa = PBXFileReference; explicitFileType = wrapper.cfbundle; includeInIndex = 0; path = MovieAppTests.xctest; sourceTree = BUILT_PRODUCTS_DIR; };
		78F339E029D11A5A008FD3C3 /* MovieAppTests.swift */ = {isa = PBXFileReference; lastKnownFileType = sourcecode.swift; path = MovieAppTests.swift; sourceTree = "<group>"; };
		78F339E629D11A5A008FD3C3 /* MovieAppUITests.xctest */ = {isa = PBXFileReference; explicitFileType = wrapper.cfbundle; includeInIndex = 0; path = MovieAppUITests.xctest; sourceTree = BUILT_PRODUCTS_DIR; };
		78F339EA29D11A5A008FD3C3 /* MovieAppUITests.swift */ = {isa = PBXFileReference; lastKnownFileType = sourcecode.swift; path = MovieAppUITests.swift; sourceTree = "<group>"; };
		78F339EC29D11A5A008FD3C3 /* MovieAppUITestsLaunchTests.swift */ = {isa = PBXFileReference; lastKnownFileType = sourcecode.swift; path = MovieAppUITestsLaunchTests.swift; sourceTree = "<group>"; };
/* End PBXFileReference section */

/* Begin PBXFrameworksBuildPhase section */
		78F339C029D11A59008FD3C3 /* Frameworks */ = {
			isa = PBXFrameworksBuildPhase;
			buildActionMask = 2147483647;
			files = (
			);
			runOnlyForDeploymentPostprocessing = 0;
		};
		78F339D929D11A5A008FD3C3 /* Frameworks */ = {
			isa = PBXFrameworksBuildPhase;
			buildActionMask = 2147483647;
			files = (
			);
			runOnlyForDeploymentPostprocessing = 0;
		};
		78F339E329D11A5A008FD3C3 /* Frameworks */ = {
			isa = PBXFrameworksBuildPhase;
			buildActionMask = 2147483647;
			files = (
			);
			runOnlyForDeploymentPostprocessing = 0;
		};
/* End PBXFrameworksBuildPhase section */

/* Begin PBXGroup section */
		78F339BA29D11A59008FD3C3 = {
			isa = PBXGroup;
			children = (
				78F339C529D11A59008FD3C3 /* MovieApp */,
				78F339DF29D11A5A008FD3C3 /* MovieAppTests */,
				78F339E929D11A5A008FD3C3 /* MovieAppUITests */,
				78F339C429D11A59008FD3C3 /* Products */,
			);
			sourceTree = "<group>";
		};
		78F339C429D11A59008FD3C3 /* Products */ = {
			isa = PBXGroup;
			children = (
				78F339C329D11A59008FD3C3 /* MovieApp.app */,
				78F339DC29D11A5A008FD3C3 /* MovieAppTests.xctest */,
				78F339E629D11A5A008FD3C3 /* MovieAppUITests.xctest */,
			);
			name = Products;
			sourceTree = "<group>";
		};
		78F339C529D11A59008FD3C3 /* MovieApp */ = {
			isa = PBXGroup;
			children = (
				78F339C629D11A59008FD3C3 /* AppDelegate.swift */,
				78F339C829D11A59008FD3C3 /* SceneDelegate.swift */,
				78F339CA29D11A59008FD3C3 /* ViewController.swift */,
				78F339CC29D11A59008FD3C3 /* Main.storyboard */,
				78F339D229D11A5A008FD3C3 /* Assets.xcassets */,
				78F339D429D11A5A008FD3C3 /* LaunchScreen.storyboard */,
				78F339D729D11A5A008FD3C3 /* Info.plist */,
				78F339CF29D11A59008FD3C3 /* MovieApp.xcdatamodeld */,
			);
			path = MovieApp;
			sourceTree = "<group>";
		};
		78F339DF29D11A5A008FD3C3 /* MovieAppTests */ = {
			isa = PBXGroup;
			children = (
				78F339E029D11A5A008FD3C3 /* MovieAppTests.swift */,
			);
			path = MovieAppTests;
			sourceTree = "<group>";
		};
		78F339E929D11A5A008FD3C3 /* MovieAppUITests */ = {
			isa = PBXGroup;
			children = (
				78F339EA29D11A5A008FD3C3 /* MovieAppUITests.swift */,
				78F339EC29D11A5A008FD3C3 /* MovieAppUITestsLaunchTests.swift */,
			);
			path = MovieAppUITests;
			sourceTree = "<group>";
		};
/* End PBXGroup section */

/* Begin PBXNativeTarget section */
		78F339C229D11A59008FD3C3 /* MovieApp */ = {
			isa = PBXNativeTarget;
			buildConfigurationList = 78F339F029D11A5A008FD3C3 /* Build configuration list for PBXNativeTarget "MovieApp" */;
			buildPhases = (
				78F339BF29D11A59008FD3C3 /* Sources */,
				78F339C029D11A59008FD3C3 /* Frameworks */,
				78F339C129D11A59008FD3C3 /* Resources */,
			);
			buildRules = (
			);
			dependencies = (
			);
			name = MovieApp;
			productName = MovieApp;
			productReference = 78F339C329D11A59008FD3C3 /* MovieApp.app */;
			productType = "com.apple.product-type.application";
		};
		78F339DB29D11A5A008FD3C3 /* MovieAppTests */ = {
			isa = PBXNativeTarget;
			buildConfigurationList = 78F339F329D11A5A008FD3C3 /* Build configuration list for PBXNativeTarget "MovieAppTests" */;
			buildPhases = (
				78F339D829D11A5A008FD3C3 /* Sources */,
				78F339D929D11A5A008FD3C3 /* Frameworks */,
				78F339DA29D11A5A008FD3C3 /* Resources */,
			);
			buildRules = (
			);
			dependencies = (
				78F339DE29D11A5A008FD3C3 /* PBXTargetDependency */,
			);
			name = MovieAppTests;
			productName = MovieAppTests;
			productReference = 78F339DC29D11A5A008FD3C3 /* MovieAppTests.xctest */;
			productType = "com.apple.product-type.bundle.unit-test";
		};
		78F339E529D11A5A008FD3C3 /* MovieAppUITests */ = {
			isa = PBXNativeTarget;
			buildConfigurationList = 78F339F629D11A5A008FD3C3 /* Build configuration list for PBXNativeTarget "MovieAppUITests" */;
			buildPhases = (
				78F339E229D11A5A008FD3C3 /* Sources */,
				78F339E329D11A5A008FD3C3 /* Frameworks */,
				78F339E429D11A5A008FD3C3 /* Resources */,
			);
			buildRules = (
			);
			dependencies = (
				78F339E829D11A5A008FD3C3 /* PBXTargetDependency */,
			);
			name = MovieAppUITests;
			productName = MovieAppUITests;
			productReference = 78F339E629D11A5A008FD3C3 /* MovieAppUITests.xctest */;
			productType = "com.apple.product-type.bundle.ui-testing";
		};
/* End PBXNativeTarget section */

/* Begin PBXProject section */
		78F339BB29D11A59008FD3C3 /* Project object */ = {
			isa = PBXProject;
			attributes = {
				BuildIndependentTargetsInParallel = 1;
				LastSwiftUpdateCheck = 1420;
				LastUpgradeCheck = 1420;
				TargetAttributes = {
					78F339C229D11A59008FD3C3 = {
						CreatedOnToolsVersion = 14.2;
					};
					78F339DB29D11A5A008FD3C3 = {
						CreatedOnToolsVersion = 14.2;
						TestTargetID = 78F339C229D11A59008FD3C3;
					};
					78F339E529D11A5A008FD3C3 = {
						CreatedOnToolsVersion = 14.2;
						TestTargetID = 78F339C229D11A59008FD3C3;
					};
				};
			};
			buildConfigurationList = 78F339BE29D11A59008FD3C3 /* Build configuration list for PBXProject "MovieApp" */;
			compatibilityVersion = "Xcode 14.0";
			developmentRegion = en;
			hasScannedForEncodings = 0;
			knownRegions = (
				en,
				Base,
			);
			mainGroup = 78F339BA29D11A59008FD3C3;
			productRefGroup = 78F339C429D11A59008FD3C3 /* Products */;
			projectDirPath = "";
			projectRoot = "";
			targets = (
				78F339C229D11A59008FD3C3 /* MovieApp */,
				78F339DB29D11A5A008FD3C3 /* MovieAppTests */,
				78F339E529D11A5A008FD3C3 /* MovieAppUITests */,
			);
		};
/* End PBXProject section */

/* Begin PBXResourcesBuildPhase section */
		78F339C129D11A59008FD3C3 /* Resources */ = {
			isa = PBXResourcesBuildPhase;
			buildActionMask = 2147483647;
			files = (
				78F339D629D11A5A008FD3C3 /* LaunchScreen.storyboard in Resources */,
				78F339D329D11A5A008FD3C3 /* Assets.xcassets in Resources */,
				78F339CE29D11A59008FD3C3 /* Main.storyboard in Resources */,
			);
			runOnlyForDeploymentPostprocessing = 0;
		};
		78F339DA29D11A5A008FD3C3 /* Resources */ = {
			isa = PBXResourcesBuildPhase;
			buildActionMask = 2147483647;
			files = (
			);
			runOnlyForDeploymentPostprocessing = 0;
		};
		78F339E429D11A5A008FD3C3 /* Resources */ = {
			isa = PBXResourcesBuildPhase;
			buildActionMask = 2147483647;
			files = (
			);
			runOnlyForDeploymentPostprocessing = 0;
		};
/* End PBXResourcesBuildPhase section */

/* Begin PBXSourcesBuildPhase section */
		78F339BF29D11A59008FD3C3 /* Sources */ = {
			isa = PBXSourcesBuildPhase;
			buildActionMask = 2147483647;
			files = (
				78F339CB29D11A59008FD3C3 /* ViewController.swift in Sources */,
				78F339C729D11A59008FD3C3 /* AppDelegate.swift in Sources */,
				78F339D129D11A59008FD3C3 /* MovieApp.xcdatamodeld in Sources */,
				78F339C929D11A59008FD3C3 /* SceneDelegate.swift in Sources */,
			);
			runOnlyForDeploymentPostprocessing = 0;
		};
		78F339D829D11A5A008FD3C3 /* Sources */ = {
			isa = PBXSourcesBuildPhase;
			buildActionMask = 2147483647;
			files = (
				78F339E129D11A5A008FD3C3 /* MovieAppTests.swift in Sources */,
			);
			runOnlyForDeploymentPostprocessing = 0;
		};
		78F339E229D11A5A008FD3C3 /* Sources */ = {
			isa = PBXSourcesBuildPhase;
			buildActionMask = 2147483647;
			files = (
				78F339ED29D11A5A008FD3C3 /* MovieAppUITestsLaunchTests.swift in Sources */,
				78F339EB29D11A5A008FD3C3 /* MovieAppUITests.swift in Sources */,
			);
			runOnlyForDeploymentPostprocessing = 0;
		};
/* End PBXSourcesBuildPhase section */

/* Begin PBXTargetDependency section */
		78F339DE29D11A5A008FD3C3 /* PBXTargetDependency */ = {
			isa = PBXTargetDependency;
			target = 78F339C229D11A59008FD3C3 /* MovieApp */;
			targetProxy = 78F339DD29D11A5A008FD3C3 /* PBXContainerItemProxy */;
		};
		78F339E829D11A5A008FD3C3 /* PBXTargetDependency */ = {
			isa = PBXTargetDependency;
			target = 78F339C229D11A59008FD3C3 /* MovieApp */;
			targetProxy = 78F339E729D11A5A008FD3C3 /* PBXContainerItemProxy */;
		};
/* End PBXTargetDependency section */

/* Begin PBXVariantGroup section */
		78F339CC29D11A59008FD3C3 /* Main.storyboard */ = {
			isa = PBXVariantGroup;
			children = (
				78F339CD29D11A59008FD3C3 /* Base */,
			);
			name = Main.storyboard;
			sourceTree = "<group>";
		};
		78F339D429D11A5A008FD3C3 /* LaunchScreen.storyboard */ = {
			isa = PBXVariantGroup;
			children = (
				78F339D529D11A5A008FD3C3 /* Base */,
			);
			name = LaunchScreen.storyboard;
			sourceTree = "<group>";
		};
/* End PBXVariantGroup section */

/* Begin XCBuildConfiguration section */
		78F339EE29D11A5A008FD3C3 /* Debug */ = {
			isa = XCBuildConfiguration;
			buildSettings = {
				ALWAYS_SEARCH_USER_PATHS = NO;
				CLANG_ANALYZER_NONNULL = YES;
				CLANG_ANALYZER_NUMBER_OBJECT_CONVERSION = YES_AGGRESSIVE;
				CLANG_CXX_LANGUAGE_STANDARD = "gnu++20";
				CLANG_ENABLE_MODULES = YES;
				CLANG_ENABLE_OBJC_ARC = YES;
				CLANG_ENABLE_OBJC_WEAK = YES;
				CLANG_WARN_BLOCK_CAPTURE_AUTORELEASING = YES;
				CLANG_WARN_BOOL_CONVERSION = YES;
				CLANG_WARN_COMMA = YES;
				CLANG_WARN_CONSTANT_CONVERSION = YES;
				CLANG_WARN_DEPRECATED_OBJC_IMPLEMENTATIONS = YES;
				CLANG_WARN_DIRECT_OBJC_ISA_USAGE = YES_ERROR;
				CLANG_WARN_DOCUMENTATION_COMMENTS = YES;
				CLANG_WARN_EMPTY_BODY = YES;
				CLANG_WARN_ENUM_CONVERSION = YES;
				CLANG_WARN_INFINITE_RECURSION = YES;
				CLANG_WARN_INT_CONVERSION = YES;
				CLANG_WARN_NON_LITERAL_NULL_CONVERSION = YES;
				CLANG_WARN_OBJC_IMPLICIT_RETAIN_SELF = YES;
				CLANG_WARN_OBJC_LITERAL_CONVERSION = YES;
				CLANG_WARN_OBJC_ROOT_CLASS = YES_ERROR;
				CLANG_WARN_QUOTED_INCLUDE_IN_FRAMEWORK_HEADER = YES;
				CLANG_WARN_RANGE_LOOP_ANALYSIS = YES;
				CLANG_WARN_STRICT_PROTOTYPES = YES;
				CLANG_WARN_SUSPICIOUS_MOVE = YES;
				CLANG_WARN_UNGUARDED_AVAILABILITY = YES_AGGRESSIVE;
				CLANG_WARN_UNREACHABLE_CODE = YES;
				CLANG_WARN__DUPLICATE_METHOD_MATCH = YES;
				COPY_PHASE_STRIP = NO;
				DEBUG_INFORMATION_FORMAT = dwarf;
				ENABLE_STRICT_OBJC_MSGSEND = YES;
				ENABLE_TESTABILITY = YES;
				GCC_C_LANGUAGE_STANDARD = gnu11;
				GCC_DYNAMIC_NO_PIC = NO;
				GCC_NO_COMMON_BLOCKS = YES;
				GCC_OPTIMIZATION_LEVEL = 0;
				GCC_PREPROCESSOR_DEFINITIONS = (
					"DEBUG=1",
					"$(inherited)",
				);
				GCC_WARN_64_TO_32_BIT_CONVERSION = YES;
				GCC_WARN_ABOUT_RETURN_TYPE = YES_ERROR;
				GCC_WARN_UNDECLARED_SELECTOR = YES;
				GCC_WARN_UNINITIALIZED_AUTOS = YES_AGGRESSIVE;
				GCC_WARN_UNUSED_FUNCTION = YES;
				GCC_WARN_UNUSED_VARIABLE = YES;
				IPHONEOS_DEPLOYMENT_TARGET = 16.2;
				MTL_ENABLE_DEBUG_INFO = INCLUDE_SOURCE;
				MTL_FAST_MATH = YES;
				ONLY_ACTIVE_ARCH = YES;
				SDKROOT = iphoneos;
				SWIFT_ACTIVE_COMPILATION_CONDITIONS = DEBUG;
				SWIFT_OPTIMIZATION_LEVEL = "-Onone";
			};
			name = Debug;
		};
		78F339EF29D11A5A008FD3C3 /* Release */ = {
			isa = XCBuildConfiguration;
			buildSettings = {
				ALWAYS_SEARCH_USER_PATHS = NO;
				CLANG_ANALYZER_NONNULL = YES;
				CLANG_ANALYZER_NUMBER_OBJECT_CONVERSION = YES_AGGRESSIVE;
				CLANG_CXX_LANGUAGE_STANDARD = "gnu++20";
				CLANG_ENABLE_MODULES = YES;
				CLANG_ENABLE_OBJC_ARC = YES;
				CLANG_ENABLE_OBJC_WEAK = YES;
				CLANG_WARN_BLOCK_CAPTURE_AUTORELEASING = YES;
				CLANG_WARN_BOOL_CONVERSION = YES;
				CLANG_WARN_COMMA = YES;
				CLANG_WARN_CONSTANT_CONVERSION = YES;
				CLANG_WARN_DEPRECATED_OBJC_IMPLEMENTATIONS = YES;
				CLANG_WARN_DIRECT_OBJC_ISA_USAGE = YES_ERROR;
				CLANG_WARN_DOCUMENTATION_COMMENTS = YES;
				CLANG_WARN_EMPTY_BODY = YES;
				CLANG_WARN_ENUM_CONVERSION = YES;
				CLANG_WARN_INFINITE_RECURSION = YES;
				CLANG_WARN_INT_CONVERSION = YES;
				CLANG_WARN_NON_LITERAL_NULL_CONVERSION = YES;
				CLANG_WARN_OBJC_IMPLICIT_RETAIN_SELF = YES;
				CLANG_WARN_OBJC_LITERAL_CONVERSION = YES;
				CLANG_WARN_OBJC_ROOT_CLASS = YES_ERROR;
				CLANG_WARN_QUOTED_INCLUDE_IN_FRAMEWORK_HEADER = YES;
				CLANG_WARN_RANGE_LOOP_ANALYSIS = YES;
				CLANG_WARN_STRICT_PROTOTYPES = YES;
				CLANG_WARN_SUSPICIOUS_MOVE = YES;
				CLANG_WARN_UNGUARDED_AVAILABILITY = YES_AGGRESSIVE;
				CLANG_WARN_UNREACHABLE_CODE = YES;
				CLANG_WARN__DUPLICATE_METHOD_MATCH = YES;
				COPY_PHASE_STRIP = NO;
				DEBUG_INFORMATION_FORMAT = "dwarf-with-dsym";
				ENABLE_NS_ASSERTIONS = NO;
				ENABLE_STRICT_OBJC_MSGSEND = YES;
				GCC_C_LANGUAGE_STANDARD = gnu11;
				GCC_NO_COMMON_BLOCKS = YES;
				GCC_WARN_64_TO_32_BIT_CONVERSION = YES;
				GCC_WARN_ABOUT_RETURN_TYPE = YES_ERROR;
				GCC_WARN_UNDECLARED_SELECTOR = YES;
				GCC_WARN_UNINITIALIZED_AUTOS = YES_AGGRESSIVE;
				GCC_WARN_UNUSED_FUNCTION = YES;
				GCC_WARN_UNUSED_VARIABLE = YES;
				IPHONEOS_DEPLOYMENT_TARGET = 16.2;
				MTL_ENABLE_DEBUG_INFO = NO;
				MTL_FAST_MATH = YES;
				SDKROOT = iphoneos;
				SWIFT_COMPILATION_MODE = wholemodule;
				SWIFT_OPTIMIZATION_LEVEL = "-O";
				VALIDATE_PRODUCT = YES;
			};
			name = Release;
		};
		78F339F129D11A5A008FD3C3 /* Debug */ = {
			isa = XCBuildConfiguration;
			buildSettings = {
				ASSETCATALOG_COMPILER_APPICON_NAME = AppIcon;
				ASSETCATALOG_COMPILER_GLOBAL_ACCENT_COLOR_NAME = AccentColor;
				CODE_SIGN_STYLE = Automatic;
				CURRENT_PROJECT_VERSION = 1;
				DEVELOPMENT_TEAM = DAUV2YZAPY;
				GENERATE_INFOPLIST_FILE = YES;
				INFOPLIST_FILE = MovieApp/Info.plist;
				INFOPLIST_KEY_UIApplicationSupportsIndirectInputEvents = YES;
				INFOPLIST_KEY_UILaunchStoryboardName = LaunchScreen;
				INFOPLIST_KEY_UIMainStoryboardFile = Main;
				INFOPLIST_KEY_UISupportedInterfaceOrientations_iPad = "UIInterfaceOrientationPortrait UIInterfaceOrientationPortraitUpsideDown UIInterfaceOrientationLandscapeLeft UIInterfaceOrientationLandscapeRight";
				INFOPLIST_KEY_UISupportedInterfaceOrientations_iPhone = "UIInterfaceOrientationPortrait UIInterfaceOrientationLandscapeLeft UIInterfaceOrientationLandscapeRight";
				LD_RUNPATH_SEARCH_PATHS = (
					"$(inherited)",
					"@executable_path/Frameworks",
				);
				MARKETING_VERSION = 1.0;
				PRODUCT_BUNDLE_IDENTIFIER = com.miguelulloa.MovieApp;
				PRODUCT_NAME = "$(TARGET_NAME)";
				SWIFT_EMIT_LOC_STRINGS = YES;
				SWIFT_VERSION = 5.0;
				TARGETED_DEVICE_FAMILY = "1,2";
			};
			name = Debug;
		};
		78F339F229D11A5A008FD3C3 /* Release */ = {
			isa = XCBuildConfiguration;
			buildSettings = {
				ASSETCATALOG_COMPILER_APPICON_NAME = AppIcon;
				ASSETCATALOG_COMPILER_GLOBAL_ACCENT_COLOR_NAME = AccentColor;
				CODE_SIGN_STYLE = Automatic;
				CURRENT_PROJECT_VERSION = 1;
				DEVELOPMENT_TEAM = DAUV2YZAPY;
				GENERATE_INFOPLIST_FILE = YES;
				INFOPLIST_FILE = MovieApp/Info.plist;
				INFOPLIST_KEY_UIApplicationSupportsIndirectInputEvents = YES;
				INFOPLIST_KEY_UILaunchStoryboardName = LaunchScreen;
				INFOPLIST_KEY_UIMainStoryboardFile = Main;
				INFOPLIST_KEY_UISupportedInterfaceOrientations_iPad = "UIInterfaceOrientationPortrait UIInterfaceOrientationPortraitUpsideDown UIInterfaceOrientationLandscapeLeft UIInterfaceOrientationLandscapeRight";
				INFOPLIST_KEY_UISupportedInterfaceOrientations_iPhone = "UIInterfaceOrientationPortrait UIInterfaceOrientationLandscapeLeft UIInterfaceOrientationLandscapeRight";
				LD_RUNPATH_SEARCH_PATHS = (
					"$(inherited)",
					"@executable_path/Frameworks",
				);
				MARKETING_VERSION = 1.0;
				PRODUCT_BUNDLE_IDENTIFIER = com.miguelulloa.MovieApp;
				PRODUCT_NAME = "$(TARGET_NAME)";
				SWIFT_EMIT_LOC_STRINGS = YES;
				SWIFT_VERSION = 5.0;
				TARGETED_DEVICE_FAMILY = "1,2";
			};
			name = Release;
		};
		78F339F429D11A5A008FD3C3 /* Debug */ = {
			isa = XCBuildConfiguration;
			buildSettings = {
				ALWAYS_EMBED_SWIFT_STANDARD_LIBRARIES = YES;
				BUNDLE_LOADER = "$(TEST_HOST)";
				CODE_SIGN_STYLE = Automatic;
				CURRENT_PROJECT_VERSION = 1;
				DEVELOPMENT_TEAM = DAUV2YZAPY;
				GENERATE_INFOPLIST_FILE = YES;
				IPHONEOS_DEPLOYMENT_TARGET = 16.2;
				MARKETING_VERSION = 1.0;
				PRODUCT_BUNDLE_IDENTIFIER = com.miguelulloa.MovieAppTests;
				PRODUCT_NAME = "$(TARGET_NAME)";
				SWIFT_EMIT_LOC_STRINGS = NO;
				SWIFT_VERSION = 5.0;
				TARGETED_DEVICE_FAMILY = "1,2";
				TEST_HOST = "$(BUILT_PRODUCTS_DIR)/MovieApp.app/$(BUNDLE_EXECUTABLE_FOLDER_PATH)/MovieApp";
			};
			name = Debug;
		};
		78F339F529D11A5A008FD3C3 /* Release */ = {
			isa = XCBuildConfiguration;
			buildSettings = {
				ALWAYS_EMBED_SWIFT_STANDARD_LIBRARIES = YES;
				BUNDLE_LOADER = "$(TEST_HOST)";
				CODE_SIGN_STYLE = Automatic;
				CURRENT_PROJECT_VERSION = 1;
				DEVELOPMENT_TEAM = DAUV2YZAPY;
				GENERATE_INFOPLIST_FILE = YES;
				IPHONEOS_DEPLOYMENT_TARGET = 16.2;
				MARKETING_VERSION = 1.0;
				PRODUCT_BUNDLE_IDENTIFIER = com.miguelulloa.MovieAppTests;
				PRODUCT_NAME = "$(TARGET_NAME)";
				SWIFT_EMIT_LOC_STRINGS = NO;
				SWIFT_VERSION = 5.0;
				TARGETED_DEVICE_FAMILY = "1,2";
				TEST_HOST = "$(BUILT_PRODUCTS_DIR)/MovieApp.app/$(BUNDLE_EXECUTABLE_FOLDER_PATH)/MovieApp";
			};
			name = Release;
		};
		78F339F729D11A5A008FD3C3 /* Debug */ = {
			isa = XCBuildConfiguration;
			buildSettings = {
				ALWAYS_EMBED_SWIFT_STANDARD_LIBRARIES = YES;
				CODE_SIGN_STYLE = Automatic;
				CURRENT_PROJECT_VERSION = 1;
				DEVELOPMENT_TEAM = DAUV2YZAPY;
				GENERATE_INFOPLIST_FILE = YES;
				MARKETING_VERSION = 1.0;
				PRODUCT_BUNDLE_IDENTIFIER = com.miguelulloa.MovieAppUITests;
				PRODUCT_NAME = "$(TARGET_NAME)";
				SWIFT_EMIT_LOC_STRINGS = NO;
				SWIFT_VERSION = 5.0;
				TARGETED_DEVICE_FAMILY = "1,2";
				TEST_TARGET_NAME = MovieApp;
			};
			name = Debug;
		};
		78F339F829D11A5A008FD3C3 /* Release */ = {
			isa = XCBuildConfiguration;
			buildSettings = {
				ALWAYS_EMBED_SWIFT_STANDARD_LIBRARIES = YES;
				CODE_SIGN_STYLE = Automatic;
				CURRENT_PROJECT_VERSION = 1;
				DEVELOPMENT_TEAM = DAUV2YZAPY;
				GENERATE_INFOPLIST_FILE = YES;
				MARKETING_VERSION = 1.0;
				PRODUCT_BUNDLE_IDENTIFIER = com.miguelulloa.MovieAppUITests;
				PRODUCT_NAME = "$(TARGET_NAME)";
				SWIFT_EMIT_LOC_STRINGS = NO;
				SWIFT_VERSION = 5.0;
				TARGETED_DEVICE_FAMILY = "1,2";
				TEST_TARGET_NAME = MovieApp;
			};
			name = Release;
		};
/* End XCBuildConfiguration section */

/* Begin XCConfigurationList section */
		78F339BE29D11A59008FD3C3 /* Build configuration list for PBXProject "MovieApp" */ = {
			isa = XCConfigurationList;
			buildConfigurations = (
				78F339EE29D11A5A008FD3C3 /* Debug */,
				78F339EF29D11A5A008FD3C3 /* Release */,
			);
			defaultConfigurationIsVisible = 0;
			defaultConfigurationName = Release;
		};
		78F339F029D11A5A008FD3C3 /* Build configuration list for PBXNativeTarget "MovieApp" */ = {
			isa = XCConfigurationList;
			buildConfigurations = (
				78F339F129D11A5A008FD3C3 /* Debug */,
				78F339F229D11A5A008FD3C3 /* Release */,
			);
			defaultConfigurationIsVisible = 0;
			defaultConfigurationName = Release;
		};
		78F339F329D11A5A008FD3C3 /* Build configuration list for PBXNativeTarget "MovieAppTests" */ = {
			isa = XCConfigurationList;
			buildConfigurations = (
				78F339F429D11A5A008FD3C3 /* Debug */,
				78F339F529D11A5A008FD3C3 /* Release */,
			);
			defaultConfigurationIsVisible = 0;
			defaultConfigurationName = Release;
		};
		78F339F629D11A5A008FD3C3 /* Build configuration list for PBXNativeTarget "MovieAppUITests" */ = {
			isa = XCConfigurationList;
			buildConfigurations = (
				78F339F729D11A5A008FD3C3 /* Debug */,
				78F339F829D11A5A008FD3C3 /* Release */,
			);
			defaultConfigurationIsVisible = 0;
			defaultConfigurationName = Release;
		};
/* End XCConfigurationList section */

/* Begin XCVersionGroup section */
		78F339CF29D11A59008FD3C3 /* MovieApp.xcdatamodeld */ = {
			isa = XCVersionGroup;
			children = (
				78F339D029D11A59008FD3C3 /* MovieApp.xcdatamodel */,
			);
			currentVersion = 78F339D029D11A59008FD3C3 /* MovieApp.xcdatamodel */;
			path = MovieApp.xcdatamodeld;
			sourceTree = "<group>";
			versionGroupType = wrapper.xcdatamodel;
		};
/* End XCVersionGroup section */
	};
	rootObject = 78F339BB29D11A59008FD3C3 /* Project object */;
}
